Microsoft Visual Studio Solution File, Format Version 12.00
# Visual Studio Version 17
VisualStudioVersion = 17.5.2.0
MinimumVisualStudioVersion = 10.0.40219.1
Project("{FAE04EC0-301F-11D3-BF4B-00C04F79EFBC}") = "RescueLink.API", "RescueLink.API.csproj", "{CBA20F3A-5A2C-EC4A-F4E2-06FD98F31F90}"
EndProject
Global
	GlobalSection(SolutionConfigurationPlatforms) = preSolution
		Debug|Any CPU = Debug|Any CPU
		Release|Any CPU = Release|Any CPU
	EndGlobalSection
	GlobalSection(ProjectConfigurationPlatforms) = postSolution
		{CBA20F3A-5A2C-EC4A-F4E2-06FD98F31F90}.Debug|Any CPU.ActiveCfg = Debug|Any CPU
		{CBA20F3A-5A2C-EC4A-F4E2-06FD98F31F90}.Debug|Any CPU.Build.0 = Debug|Any CPU
		{CBA20F3A-5A2C-EC4A-F4E2-06FD98F31F90}.Release|Any CPU.ActiveCfg = Release|Any CPU
		{CBA20F3A-5A2C-EC4A-F4E2-06FD98F31F90}.Release|Any CPU.Build.0 = Release|Any CPU
	EndGlobalSection
	GlobalSection(SolutionProperties) = preSolution
		HideSolutionNode = FALSE
	EndGlobalSection
	GlobalSection(ExtensibilityGlobals) = postSolution
		SolutionGuid = {E559652E-1217-49BB-9B8B-4C822D32173C}
	EndGlobalSection
EndGlobal
